
Microsoft Visual Studio Solution File, Format Version 12.00
# Visual Studio Version 16
VisualStudioVersion = 16.0.31321.278
MinimumVisualStudioVersion = 10.0.40219.1
Project("{FAE04EC0-301F-11D3-BF4B-00C04F79EFBC}") = "Train", "Train\Train.csproj", "{9B280443-1BC8-4833-B7AA-4E186F177E47}"
EndProject
Global
	GlobalSection(SolutionConfigurationPlatforms) = preSolution
		Debug|Any CPU = Debug|Any CPU
		Release|Any CPU = Release|Any CPU
	EndGlobalSection
	GlobalSection(ProjectConfigurationPlatforms) = postSolution
		{9B280443-1BC8-4833-B7AA-4E186F177E47}.Debug|Any CPU.ActiveCfg = Debug|Any CPU
		{9B280443-1BC8-4833-B7AA-4E186F177E47}.Debug|Any CPU.Build.0 = Debug|Any CPU
		{9B280443-1BC8-4833-B7AA-4E186F177E47}.Release|Any CPU.ActiveCfg = Release|Any CPU
		{9B280443-1BC8-4833-B7AA-4E186F177E47}.Release|Any CPU.Build.0 = Release|Any CPU
	EndGlobalSection
	GlobalSection(SolutionProperties) = preSolution
		HideSolutionNode = FALSE
	EndGlobalSection
	GlobalSection(ExtensibilityGlobals) = postSolution
		SolutionGuid = {ABB950C4-85BA-4FCE-8B9C-73F08524E0C7}
	EndGlobalSection
EndGlobal
